
Microsoft Visual Studio Solution File, Format Version 12.00
# Visual Studio 15
VisualStudioVersion = 15.0.26730.8
MinimumVisualStudioVersion = 10.0.40219.1
Project("{FAE04EC0-301F-11D3-BF4B-00C04F79EFBC}") = "MO.Core", "MO.Core\MO.Core.csproj", "{D5940B54-8DEF-4327-8CE3-A55F0C62D328}"
EndProject
Project("{FAE04EC0-301F-11D3-BF4B-00C04F79EFBC}") = "MO.Utility", "MO.Utility\MO.Utility.csproj", "{1AE6F612-ACC1-402E-8CF9-B4B4AF7CF200}"
EndProject
Project("{FAE04EC0-301F-11D3-BF4B-00C04F79EFBC}") = "MO.Data.Entity", "MO.Data.Entity\MO.Data.Entity.csproj", "{ED0695F3-57B6-448D-A026-6B916944B23E}"
EndProject
Project("{2150E333-8FDC-42A3-9474-1A3956D46DE8}") = "DEMO", "DEMO", "{62F000D6-D621-4B07-8D7D-24FED506B43E}"
EndProject
Project("{FAE04EC0-301F-11D3-BF4B-00C04F79EFBC}") = "App", "App\App.csproj", "{2BECD9AD-C490-47C7-BA00-93E13B3E0F5A}"
EndProject
Project("{2150E333-8FDC-42A3-9474-1A3956D46DE8}") = "Src", "Src", "{BCA96964-8BB4-483E-B5D0-DD9BF7B780C7}"
EndProject
Project("{2150E333-8FDC-42A3-9474-1A3956D46DE8}") = "Model", "Model", "{83B538AB-A7A8-420F-A76C-3D3A99E2F19D}"
EndProject
Project("{FAE04EC0-301F-11D3-BF4B-00C04F79EFBC}") = "Demo.Models", "Demo.Models\Demo.Models.csproj", "{F5A9EBC8-43C7-45D4-9AA8-D9C8C8CD3F3A}"
EndProject
Project("{FAE04EC0-301F-11D3-BF4B-00C04F79EFBC}") = "Demo.Models.ModelConfigurations", "Demo.Models.ModelConfigurations\Demo.Models.ModelConfigurations.csproj", "{0FBD557C-F661-4561-92B8-ACCC65B84E62}"
EndProject
Project("{FAE04EC0-301F-11D3-BF4B-00C04F79EFBC}") = "MO.Autofac.Mvc", "MO.Autofac.Mvc\MO.Autofac.Mvc.csproj", "{2FA75FB9-B344-4125-A5E7-88BD3D94FF34}"
EndProject
Project("{2150E333-8FDC-42A3-9474-1A3956D46DE8}") = "Mvc", "Mvc", "{087DE526-3C42-42C1-B3E8-413C741EA27A}"
EndProject
Project("{2150E333-8FDC-42A3-9474-1A3956D46DE8}") = "Services", "Services", "{4325146D-FF8E-4A79-BE96-385D83F5ACCC}"
EndProject
Project("{FAE04EC0-301F-11D3-BF4B-00C04F79EFBC}") = "Demo.Service", "Demo.Service\Demo.Service.csproj", "{8FF33C66-DD87-4F43-BE7E-4A6DC6CF60DB}"
EndProject
Global
	GlobalSection(SolutionConfigurationPlatforms) = preSolution
		Debug|Any CPU = Debug|Any CPU
		Release|Any CPU = Release|Any CPU
	EndGlobalSection
	GlobalSection(ProjectConfigurationPlatforms) = postSolution
		{D5940B54-8DEF-4327-8CE3-A55F0C62D328}.Debug|Any CPU.ActiveCfg = Debug|Any CPU
		{D5940B54-8DEF-4327-8CE3-A55F0C62D328}.Debug|Any CPU.Build.0 = Debug|Any CPU
		{D5940B54-8DEF-4327-8CE3-A55F0C62D328}.Release|Any CPU.ActiveCfg = Release|Any CPU
		{D5940B54-8DEF-4327-8CE3-A55F0C62D328}.Release|Any CPU.Build.0 = Release|Any CPU
		{1AE6F612-ACC1-402E-8CF9-B4B4AF7CF200}.Debug|Any CPU.ActiveCfg = Debug|Any CPU
		{1AE6F612-ACC1-402E-8CF9-B4B4AF7CF200}.Debug|Any CPU.Build.0 = Debug|Any CPU
		{1AE6F612-ACC1-402E-8CF9-B4B4AF7CF200}.Release|Any CPU.ActiveCfg = Release|Any CPU
		{1AE6F612-ACC1-402E-8CF9-B4B4AF7CF200}.Release|Any CPU.Build.0 = Release|Any CPU
		{ED0695F3-57B6-448D-A026-6B916944B23E}.Debug|Any CPU.ActiveCfg = Debug|Any CPU
		{ED0695F3-57B6-448D-A026-6B916944B23E}.Debug|Any CPU.Build.0 = Debug|Any CPU
		{ED0695F3-57B6-448D-A026-6B916944B23E}.Release|Any CPU.ActiveCfg = Release|Any CPU
		{ED0695F3-57B6-448D-A026-6B916944B23E}.Release|Any CPU.Build.0 = Release|Any CPU
		{2BECD9AD-C490-47C7-BA00-93E13B3E0F5A}.Debug|Any CPU.ActiveCfg = Debug|Any CPU
		{2BECD9AD-C490-47C7-BA00-93E13B3E0F5A}.Debug|Any CPU.Build.0 = Debug|Any CPU
		{2BECD9AD-C490-47C7-BA00-93E13B3E0F5A}.Release|Any CPU.ActiveCfg = Release|Any CPU
		{2BECD9AD-C490-47C7-BA00-93E13B3E0F5A}.Release|Any CPU.Build.0 = Release|Any CPU
		{F5A9EBC8-43C7-45D4-9AA8-D9C8C8CD3F3A}.Debug|Any CPU.ActiveCfg = Debug|Any CPU
		{F5A9EBC8-43C7-45D4-9AA8-D9C8C8CD3F3A}.Debug|Any CPU.Build.0 = Debug|Any CPU
		{F5A9EBC8-43C7-45D4-9AA8-D9C8C8CD3F3A}.Release|Any CPU.ActiveCfg = Release|Any CPU
		{F5A9EBC8-43C7-45D4-9AA8-D9C8C8CD3F3A}.Release|Any CPU.Build.0 = Release|Any CPU
		{0FBD557C-F661-4561-92B8-ACCC65B84E62}.Debug|Any CPU.ActiveCfg = Debug|Any CPU
		{0FBD557C-F661-4561-92B8-ACCC65B84E62}.Debug|Any CPU.Build.0 = Debug|Any CPU
		{0FBD557C-F661-4561-92B8-ACCC65B84E62}.Release|Any CPU.ActiveCfg = Release|Any CPU
		{0FBD557C-F661-4561-92B8-ACCC65B84E62}.Release|Any CPU.Build.0 = Release|Any CPU
		{2FA75FB9-B344-4125-A5E7-88BD3D94FF34}.Debug|Any CPU.ActiveCfg = Debug|Any CPU
		{2FA75FB9-B344-4125-A5E7-88BD3D94FF34}.Debug|Any CPU.Build.0 = Debug|Any CPU
		{2FA75FB9-B344-4125-A5E7-88BD3D94FF34}.Release|Any CPU.ActiveCfg = Release|Any CPU
		{2FA75FB9-B344-4125-A5E7-88BD3D94FF34}.Release|Any CPU.Build.0 = Release|Any CPU
		{8FF33C66-DD87-4F43-BE7E-4A6DC6CF60DB}.Debug|Any CPU.ActiveCfg = Debug|Any CPU
		{8FF33C66-DD87-4F43-BE7E-4A6DC6CF60DB}.Debug|Any CPU.Build.0 = Debug|Any CPU
		{8FF33C66-DD87-4F43-BE7E-4A6DC6CF60DB}.Release|Any CPU.ActiveCfg = Release|Any CPU
		{8FF33C66-DD87-4F43-BE7E-4A6DC6CF60DB}.Release|Any CPU.Build.0 = Release|Any CPU
	EndGlobalSection
	GlobalSection(SolutionProperties) = preSolution
		HideSolutionNode = FALSE
	EndGlobalSection
	GlobalSection(NestedProjects) = preSolution
		{D5940B54-8DEF-4327-8CE3-A55F0C62D328} = {BCA96964-8BB4-483E-B5D0-DD9BF7B780C7}
		{1AE6F612-ACC1-402E-8CF9-B4B4AF7CF200} = {BCA96964-8BB4-483E-B5D0-DD9BF7B780C7}
		{ED0695F3-57B6-448D-A026-6B916944B23E} = {BCA96964-8BB4-483E-B5D0-DD9BF7B780C7}
		{2BECD9AD-C490-47C7-BA00-93E13B3E0F5A} = {62F000D6-D621-4B07-8D7D-24FED506B43E}
		{83B538AB-A7A8-420F-A76C-3D3A99E2F19D} = {62F000D6-D621-4B07-8D7D-24FED506B43E}
		{F5A9EBC8-43C7-45D4-9AA8-D9C8C8CD3F3A} = {83B538AB-A7A8-420F-A76C-3D3A99E2F19D}
		{0FBD557C-F661-4561-92B8-ACCC65B84E62} = {83B538AB-A7A8-420F-A76C-3D3A99E2F19D}
		{2FA75FB9-B344-4125-A5E7-88BD3D94FF34} = {087DE526-3C42-42C1-B3E8-413C741EA27A}
		{087DE526-3C42-42C1-B3E8-413C741EA27A} = {BCA96964-8BB4-483E-B5D0-DD9BF7B780C7}
		{4325146D-FF8E-4A79-BE96-385D83F5ACCC} = {62F000D6-D621-4B07-8D7D-24FED506B43E}
		{8FF33C66-DD87-4F43-BE7E-4A6DC6CF60DB} = {4325146D-FF8E-4A79-BE96-385D83F5ACCC}
	EndGlobalSection
	GlobalSection(ExtensibilityGlobals) = postSolution
		SolutionGuid = {D2043FD0-05CE-4CA0-85D6-7B7437F416B9}
	EndGlobalSection
EndGlobal
